
Microsoft Visual Studio Solution File, Format Version 12.00
# Visual Studio Version 17
VisualStudioVersion = 17.13.35931.197
MinimumVisualStudioVersion = 10.0.40219.1
Project("{FAE04EC0-301F-11D3-BF4B-00C04F79EFBC}") = "Actividad13-06", "Actividad13-06\Actividad13-06.csproj", "{092C5D19-35AB-4587-91FF-87812A03DA0B}"
EndProject
Project("{FAE04EC0-301F-11D3-BF4B-00C04F79EFBC}") = "Ejercicio1", "Ejercicio1\Ejercicio1.csproj", "{F5B8734E-2C6C-4316-9A3A-624F69327FB8}"
EndProject
Project("{FAE04EC0-301F-11D3-BF4B-00C04F79EFBC}") = "Ejercicio2", "Ejercicio2\Ejercicio2.csproj", "{334E3C4A-5277-471A-946B-0209CBEF8991}"
EndProject
Project("{FAE04EC0-301F-11D3-BF4B-00C04F79EFBC}") = "Ejercicio3", "Ejercicio3\Ejercicio3.csproj", "{62BB8383-DAFF-40B0-A974-3660790109A2}"
EndProject
Project("{FAE04EC0-301F-11D3-BF4B-00C04F79EFBC}") = "Ejercicio4", "Ejercicio4\Ejercicio4.csproj", "{33821DC6-39D0-4895-9B6E-A11153A69836}"
EndProject
Project("{FAE04EC0-301F-11D3-BF4B-00C04F79EFBC}") = "Ejercicio5", "Ejercicio5\Ejercicio5.csproj", "{0A57F913-3516-42EE-A36B-11C9556EF85E}"
EndProject
Global
	GlobalSection(SolutionConfigurationPlatforms) = preSolution
		Debug|Any CPU = Debug|Any CPU
		Release|Any CPU = Release|Any CPU
	EndGlobalSection
	GlobalSection(ProjectConfigurationPlatforms) = postSolution
		{092C5D19-35AB-4587-91FF-87812A03DA0B}.Debug|Any CPU.ActiveCfg = Debug|Any CPU
		{092C5D19-35AB-4587-91FF-87812A03DA0B}.Debug|Any CPU.Build.0 = Debug|Any CPU
		{092C5D19-35AB-4587-91FF-87812A03DA0B}.Release|Any CPU.ActiveCfg = Release|Any CPU
		{092C5D19-35AB-4587-91FF-87812A03DA0B}.Release|Any CPU.Build.0 = Release|Any CPU
		{F5B8734E-2C6C-4316-9A3A-624F69327FB8}.Debug|Any CPU.ActiveCfg = Debug|Any CPU
		{F5B8734E-2C6C-4316-9A3A-624F69327FB8}.Debug|Any CPU.Build.0 = Debug|Any CPU
		{F5B8734E-2C6C-4316-9A3A-624F69327FB8}.Release|Any CPU.ActiveCfg = Release|Any CPU
		{F5B8734E-2C6C-4316-9A3A-624F69327FB8}.Release|Any CPU.Build.0 = Release|Any CPU
		{334E3C4A-5277-471A-946B-0209CBEF8991}.Debug|Any CPU.ActiveCfg = Debug|Any CPU
		{334E3C4A-5277-471A-946B-0209CBEF8991}.Debug|Any CPU.Build.0 = Debug|Any CPU
		{334E3C4A-5277-471A-946B-0209CBEF8991}.Release|Any CPU.ActiveCfg = Release|Any CPU
		{334E3C4A-5277-471A-946B-0209CBEF8991}.Release|Any CPU.Build.0 = Release|Any CPU
		{62BB8383-DAFF-40B0-A974-3660790109A2}.Debug|Any CPU.ActiveCfg = Debug|Any CPU
		{62BB8383-DAFF-40B0-A974-3660790109A2}.Debug|Any CPU.Build.0 = Debug|Any CPU
		{62BB8383-DAFF-40B0-A974-3660790109A2}.Release|Any CPU.ActiveCfg = Release|Any CPU
		{62BB8383-DAFF-40B0-A974-3660790109A2}.Release|Any CPU.Build.0 = Release|Any CPU
		{33821DC6-39D0-4895-9B6E-A11153A69836}.Debug|Any CPU.ActiveCfg = Debug|Any CPU
		{33821DC6-39D0-4895-9B6E-A11153A69836}.Debug|Any CPU.Build.0 = Debug|Any CPU
		{33821DC6-39D0-4895-9B6E-A11153A69836}.Release|Any CPU.ActiveCfg = Release|Any CPU
		{33821DC6-39D0-4895-9B6E-A11153A69836}.Release|Any CPU.Build.0 = Release|Any CPU
		{0A57F913-3516-42EE-A36B-11C9556EF85E}.Debug|Any CPU.ActiveCfg = Debug|Any CPU
		{0A57F913-3516-42EE-A36B-11C9556EF85E}.Debug|Any CPU.Build.0 = Debug|Any CPU
		{0A57F913-3516-42EE-A36B-11C9556EF85E}.Release|Any CPU.ActiveCfg = Release|Any CPU
		{0A57F913-3516-42EE-A36B-11C9556EF85E}.Release|Any CPU.Build.0 = Release|Any CPU
	EndGlobalSection
	GlobalSection(SolutionProperties) = preSolution
		HideSolutionNode = FALSE
	EndGlobalSection
	GlobalSection(ExtensibilityGlobals) = postSolution
		SolutionGuid = {2063F7B0-581B-4299-9B61-57E18EFDF18C}
	EndGlobalSection
EndGlobal
