
Microsoft Visual Studio Solution File, Format Version 12.00
# Visual Studio Version 17
VisualStudioVersion = 17.13.35931.197 d17.13
MinimumVisualStudioVersion = 10.0.40219.1
Project("{FAE04EC0-301F-11D3-BF4B-00C04F79EFBC}") = "Actividad13-06", "Actividad13-06\Actividad13-06.csproj", "{092C5D19-35AB-4587-91FF-87812A03DA0B}"
EndProject
Global
	GlobalSection(SolutionConfigurationPlatforms) = preSolution
		Debug|Any CPU = Debug|Any CPU
		Release|Any CPU = Release|Any CPU
	EndGlobalSection
	GlobalSection(ProjectConfigurationPlatforms) = postSolution
		{092C5D19-35AB-4587-91FF-87812A03DA0B}.Debug|Any CPU.ActiveCfg = Debug|Any CPU
		{092C5D19-35AB-4587-91FF-87812A03DA0B}.Debug|Any CPU.Build.0 = Debug|Any CPU
		{092C5D19-35AB-4587-91FF-87812A03DA0B}.Release|Any CPU.ActiveCfg = Release|Any CPU
		{092C5D19-35AB-4587-91FF-87812A03DA0B}.Release|Any CPU.Build.0 = Release|Any CPU
	EndGlobalSection
	GlobalSection(SolutionProperties) = preSolution
		HideSolutionNode = FALSE
	EndGlobalSection
	GlobalSection(ExtensibilityGlobals) = postSolution
		SolutionGuid = {2063F7B0-581B-4299-9B61-57E18EFDF18C}
	EndGlobalSection
EndGlobal
